// !$*UTF8*$!
{
	archiveVersion = 1;
	classes = {
	};
	objectVersion = 46;
	objects = {

/* Begin PBXBuildFile section */
		163C5E711A513F52001172E8 /* bg_tile.png in Resources */ = {isa = PBXBuildFile; fileRef = 163C5E601A513F52001172E8 /* bg_tile.png */; };
		163C5E721A513F52001172E8 /* bg_tile@2x.png in Resources */ = {isa = PBXBuildFile; fileRef = 163C5E611A513F52001172E8 /* bg_tile@2x.png */; };
		163C5E731A513F52001172E8 /* button_tap_deselected.png in Resources */ = {isa = PBXBuildFile; fileRef = 163C5E621A513F52001172E8 /* button_tap_deselected.png */; };
		163C5E741A513F52001172E8 /* button_tap_deselected@2x.png in Resources */ = {isa = PBXBuildFile; fileRef = 163C5E631A513F52001172E8 /* button_tap_deselected@2x.png */; };
		163C5E751A513F52001172E8 /* button_tap_selected.png in Resources */ = {isa = PBXBuildFile; fileRef = 163C5E641A513F52001172E8 /* button_tap_selected.png */; };
		163C5E761A513F52001172E8 /* button_tap_selected@2x.png in Resources */ = {isa = PBXBuildFile; fileRef = 163C5E651A513F52001172E8 /* button_tap_selected@2x.png */; };
		163C5E771A513F52001172E8 /* ButtonTap.wav in Resources */ = {isa = PBXBuildFile; fileRef = 163C5E661A513F52001172E8 /* ButtonTap.wav */; };
		163C5E781A513F52001172E8 /* checker_bottom.png in Resources */ = {isa = PBXBuildFile; fileRef = 163C5E671A513F52001172E8 /* checker_bottom.png */; };
		163C5E791A513F52001172E8 /* checker_bottom@2x.png in Resources */ = {isa = PBXBuildFile; fileRef = 163C5E681A513F52001172E8 /* checker_bottom@2x.png */; };
		163C5E7A1A513F52001172E8 /* checker_top.png in Resources */ = {isa = PBXBuildFile; fileRef = 163C5E691A513F52001172E8 /* checker_top.png */; };
		163C5E7B1A513F52001172E8 /* checker_top@2x.png in Resources */ = {isa = PBXBuildFile; fileRef = 163C5E6A1A513F52001172E8 /* checker_top@2x.png */; };
		163C5E7C1A513F52001172E8 /* field_score.png in Resources */ = {isa = PBXBuildFile; fileRef = 163C5E6B1A513F52001172E8 /* field_score.png */; };
		163C5E7D1A513F52001172E8 /* field_score@2x.png in Resources */ = {isa = PBXBuildFile; fileRef = 163C5E6C1A513F52001172E8 /* field_score@2x.png */; };
		163C5E7E1A513F52001172E8 /* field_time.png in Resources */ = {isa = PBXBuildFile; fileRef = 163C5E6D1A513F52001172E8 /* field_time.png */; };
		163C5E7F1A513F52001172E8 /* field_time@2x.png in Resources */ = {isa = PBXBuildFile; fileRef = 163C5E6E1A513F52001172E8 /* field_time@2x.png */; };
		163C5E801A513F52001172E8 /* HallOfTheMountainKing.mp3 in Resources */ = {isa = PBXBuildFile; fileRef = 163C5E6F1A513F52001172E8 /* HallOfTheMountainKing.mp3 */; };
		163C5E811A513F52001172E8 /* SecondBeep.wav in Resources */ = {isa = PBXBuildFile; fileRef = 163C5E701A513F52001172E8 /* SecondBeep.wav */; };
		163C5E831A514FC3001172E8 /* AVFoundation.framework in Frameworks */ = {isa = PBXBuildFile; fileRef = 163C5E821A514FC3001172E8 /* AVFoundation.framework */; };
		16E9DB371A51172300DF9298 /* main.m in Sources */ = {isa = PBXBuildFile; fileRef = 16E9DB361A51172300DF9298 /* main.m */; };
		16E9DB3A1A51172300DF9298 /* AppDelegate.m in Sources */ = {isa = PBXBuildFile; fileRef = 16E9DB391A51172300DF9298 /* AppDelegate.m */; };
		16E9DB3D1A51172300DF9298 /* ViewController.m in Sources */ = {isa = PBXBuildFile; fileRef = 16E9DB3C1A51172300DF9298 /* ViewController.m */; };
		16E9DB401A51172300DF9298 /* Main.storyboard in Resources */ = {isa = PBXBuildFile; fileRef = 16E9DB3E1A51172300DF9298 /* Main.storyboard */; };
		16E9DB421A51172300DF9298 /* Images.xcassets in Resources */ = {isa = PBXBuildFile; fileRef = 16E9DB411A51172300DF9298 /* Images.xcassets */; };
		16E9DB451A51172300DF9298 /* LaunchScreen.xib in Resources */ = {isa = PBXBuildFile; fileRef = 16E9DB431A51172300DF9298 /* LaunchScreen.xib */; };
		16E9DB511A51172400DF9298 /* Tap_MeTests.m in Sources */ = {isa = PBXBuildFile; fileRef = 16E9DB501A51172400DF9298 /* Tap_MeTests.m */; };
/* End PBXBuildFile section */

/* Begin PBXContainerItemProxy section */
		16E9DB4B1A51172300DF9298 /* PBXContainerItemProxy */ = {
			isa = PBXContainerItemProxy;
			containerPortal = 16E9DB291A51172000DF9298 /* Project object */;
			proxyType = 1;
			remoteGlobalIDString = 16E9DB301A51172100DF9298;
			remoteInfo = "Tap Me";
		};
/* End PBXContainerItemProxy section */

/* Begin PBXFileReference section */
		163C5E601A513F52001172E8 /* bg_tile.png */ = {isa = PBXFileReference; lastKnownFileType = image.png; path = bg_tile.png; sourceTree = "<group>"; };
		163C5E611A513F52001172E8 /* bg_tile@2x.png */ = {isa = PBXFileReference; lastKnownFileType = image.png; path = "bg_tile@2x.png"; sourceTree = "<group>"; };
		163C5E621A513F52001172E8 /* button_tap_deselected.png */ = {isa = PBXFileReference; lastKnownFileType = image.png; path = button_tap_deselected.png; sourceTree = "<group>"; };
		163C5E631A513F52001172E8 /* button_tap_deselected@2x.png */ = {isa = PBXFileReference; lastKnownFileType = image.png; path = "button_tap_deselected@2x.png"; sourceTree = "<group>"; };
		163C5E641A513F52001172E8 /* button_tap_selected.png */ = {isa = PBXFileReference; lastKnownFileType = image.png; path = button_tap_selected.png; sourceTree = "<group>"; };
		163C5E651A513F52001172E8 /* button_tap_selected@2x.png */ = {isa = PBXFileReference; lastKnownFileType = image.png; path = "button_tap_selected@2x.png"; sourceTree = "<group>"; };
		163C5E661A513F52001172E8 /* ButtonTap.wav */ = {isa = PBXFileReference; lastKnownFileType = audio.wav; path = ButtonTap.wav; sourceTree = "<group>"; };
		163C5E671A513F52001172E8 /* checker_bottom.png */ = {isa = PBXFileReference; lastKnownFileType = image.png; path = checker_bottom.png; sourceTree = "<group>"; };
		163C5E681A513F52001172E8 /* checker_bottom@2x.png */ = {isa = PBXFileReference; lastKnownFileType = image.png; path = "checker_bottom@2x.png"; sourceTree = "<group>"; };
		163C5E691A513F52001172E8 /* checker_top.png */ = {isa = PBXFileReference; lastKnownFileType = image.png; path = checker_top.png; sourceTree = "<group>"; };
		163C5E6A1A513F52001172E8 /* checker_top@2x.png */ = {isa = PBXFileReference; lastKnownFileType = image.png; path = "checker_top@2x.png"; sourceTree = "<group>"; };
		163C5E6B1A513F52001172E8 /* field_score.png */ = {isa = PBXFileReference; lastKnownFileType = image.png; path = field_score.png; sourceTree = "<group>"; };
		163C5E6C1A513F52001172E8 /* field_score@2x.png */ = {isa = PBXFileReference; lastKnownFileType = image.png; path = "field_score@2x.png"; sourceTree = "<group>"; };
		163C5E6D1A513F52001172E8 /* field_time.png */ = {isa = PBXFileReference; lastKnownFileType = image.png; path = field_time.png; sourceTree = "<group>"; };
		163C5E6E1A513F52001172E8 /* field_time@2x.png */ = {isa = PBXFileReference; lastKnownFileType = image.png; path = "field_time@2x.png"; sourceTree = "<group>"; };
		163C5E6F1A513F52001172E8 /* HallOfTheMountainKing.mp3 */ = {isa = PBXFileReference; lastKnownFileType = audio.mp3; path = HallOfTheMountainKing.mp3; sourceTree = "<group>"; };
		163C5E701A513F52001172E8 /* SecondBeep.wav */ = {isa = PBXFileReference; lastKnownFileType = audio.wav; path = SecondBeep.wav; sourceTree = "<group>"; };
		163C5E821A514FC3001172E8 /* AVFoundation.framework */ = {isa = PBXFileReference; lastKnownFileType = wrapper.framework; name = AVFoundation.framework; path = System/Library/Frameworks/AVFoundation.framework; sourceTree = SDKROOT; };
		16E9DB311A51172100DF9298 /* Tap Me.app */ = {isa = PBXFileReference; explicitFileType = wrapper.application; includeInIndex = 0; path = "Tap Me.app"; sourceTree = BUILT_PRODUCTS_DIR; };
		16E9DB351A51172300DF9298 /* Info.plist */ = {isa = PBXFileReference; lastKnownFileType = text.plist.xml; path = Info.plist; sourceTree = "<group>"; };
		16E9DB361A51172300DF9298 /* main.m */ = {isa = PBXFileReference; lastKnownFileType = sourcecode.c.objc; path = main.m; sourceTree = "<group>"; };
		16E9DB381A51172300DF9298 /* AppDelegate.h */ = {isa = PBXFileReference; lastKnownFileType = sourcecode.c.h; path = AppDelegate.h; sourceTree = "<group>"; };
		16E9DB391A51172300DF9298 /* AppDelegate.m */ = {isa = PBXFileReference; lastKnownFileType = sourcecode.c.objc; path = AppDelegate.m; sourceTree = "<group>"; };
		16E9DB3B1A51172300DF9298 /* ViewController.h */ = {isa = PBXFileReference; lastKnownFileType = sourcecode.c.h; path = ViewController.h; sourceTree = "<group>"; };
		16E9DB3C1A51172300DF9298 /* ViewController.m */ = {isa = PBXFileReference; lastKnownFileType = sourcecode.c.objc; path = ViewController.m; sourceTree = "<group>"; };
		16E9DB3F1A51172300DF9298 /* Base */ = {isa = PBXFileReference; lastKnownFileType = file.storyboard; name = Base; path = Base.lproj/Main.storyboard; sourceTree = "<group>"; };
		16E9DB411A51172300DF9298 /* Images.xcassets */ = {isa = PBXFileReference; lastKnownFileType = folder.assetcatalog; path = Images.xcassets; sourceTree = "<group>"; };
		16E9DB441A51172300DF9298 /* Base */ = {isa = PBXFileReference; lastKnownFileType = file.xib; name = Base; path = Base.lproj/LaunchScreen.xib; sourceTree = "<group>"; };
		16E9DB4A1A51172300DF9298 /* Tap MeTests.xctest */ = {isa = PBXFileReference; explicitFileType = wrapper.cfbundle; includeInIndex = 0; path = "Tap MeTests.xctest"; sourceTree = BUILT_PRODUCTS_DIR; };
		16E9DB4F1A51172400DF9298 /* Info.plist */ = {isa = PBXFileReference; lastKnownFileType = text.plist.xml; path = Info.plist; sourceTree = "<group>"; };
		16E9DB501A51172400DF9298 /* Tap_MeTests.m */ = {isa = PBXFileReference; lastKnownFileType = sourcecode.c.objc; path = Tap_MeTests.m; sourceTree = "<group>"; };
/* End PBXFileReference section */

/* Begin PBXFrameworksBuildPhase section */
		16E9DB2E1A51172100DF9298 /* Frameworks */ = {
			isa = PBXFrameworksBuildPhase;
			buildActionMask = 2147483647;
			files = (
				163C5E831A514FC3001172E8 /* AVFoundation.framework in Frameworks */,
			);
			runOnlyForDeploymentPostprocessing = 0;
		};
		16E9DB471A51172300DF9298 /* Frameworks */ = {
			isa = PBXFrameworksBuildPhase;
			buildActionMask = 2147483647;
			files = (
			);
			runOnlyForDeploymentPostprocessing = 0;
		};
/* End PBXFrameworksBuildPhase section */

/* Begin PBXGroup section */
		16E9DB281A51172000DF9298 = {
			isa = PBXGroup;
			children = (
				163C5E821A514FC3001172E8 /* AVFoundation.framework */,
				16E9DB331A51172200DF9298 /* Tap Me */,
				16E9DB4D1A51172300DF9298 /* Tap MeTests */,
				16E9DB321A51172100DF9298 /* Products */,
			);
			sourceTree = "<group>";
		};
		16E9DB321A51172100DF9298 /* Products */ = {
			isa = PBXGroup;
			children = (
				16E9DB311A51172100DF9298 /* Tap Me.app */,
				16E9DB4A1A51172300DF9298 /* Tap MeTests.xctest */,
			);
			name = Products;
			sourceTree = "<group>";
		};
		16E9DB331A51172200DF9298 /* Tap Me */ = {
			isa = PBXGroup;
			children = (
				16E9DB381A51172300DF9298 /* AppDelegate.h */,
				16E9DB391A51172300DF9298 /* AppDelegate.m */,
				16E9DB3B1A51172300DF9298 /* ViewController.h */,
				16E9DB3C1A51172300DF9298 /* ViewController.m */,
				16E9DB3E1A51172300DF9298 /* Main.storyboard */,
				16E9DB411A51172300DF9298 /* Images.xcassets */,
				16E9DB431A51172300DF9298 /* LaunchScreen.xib */,
				16E9DB341A51172300DF9298 /* Supporting Files */,
			);
			path = "Tap Me";
			sourceTree = "<group>";
		};
		16E9DB341A51172300DF9298 /* Supporting Files */ = {
			isa = PBXGroup;
			children = (
				163C5E601A513F52001172E8 /* bg_tile.png */,
				163C5E611A513F52001172E8 /* bg_tile@2x.png */,
				163C5E621A513F52001172E8 /* button_tap_deselected.png */,
				163C5E631A513F52001172E8 /* button_tap_deselected@2x.png */,
				163C5E641A513F52001172E8 /* button_tap_selected.png */,
				163C5E651A513F52001172E8 /* button_tap_selected@2x.png */,
				163C5E661A513F52001172E8 /* ButtonTap.wav */,
				163C5E671A513F52001172E8 /* checker_bottom.png */,
				163C5E681A513F52001172E8 /* checker_bottom@2x.png */,
				163C5E691A513F52001172E8 /* checker_top.png */,
				163C5E6A1A513F52001172E8 /* checker_top@2x.png */,
				163C5E6B1A513F52001172E8 /* field_score.png */,
				163C5E6C1A513F52001172E8 /* field_score@2x.png */,
				163C5E6D1A513F52001172E8 /* field_time.png */,
				163C5E6E1A513F52001172E8 /* field_time@2x.png */,
				163C5E6F1A513F52001172E8 /* HallOfTheMountainKing.mp3 */,
				163C5E701A513F52001172E8 /* SecondBeep.wav */,
				16E9DB351A51172300DF9298 /* Info.plist */,
				16E9DB361A51172300DF9298 /* main.m */,
			);
			name = "Supporting Files";
			sourceTree = "<group>";
		};
		16E9DB4D1A51172300DF9298 /* Tap MeTests */ = {
			isa = PBXGroup;
			children = (
				16E9DB501A51172400DF9298 /* Tap_MeTests.m */,
				16E9DB4E1A51172400DF9298 /* Supporting Files */,
			);
			path = "Tap MeTests";
			sourceTree = "<group>";
		};
		16E9DB4E1A51172400DF9298 /* Supporting Files */ = {
			isa = PBXGroup;
			children = (
				16E9DB4F1A51172400DF9298 /* Info.plist */,
			);
			name = "Supporting Files";
			sourceTree = "<group>";
		};
/* End PBXGroup section */

/* Begin PBXNativeTarget section */
		16E9DB301A51172100DF9298 /* Tap Me */ = {
			isa = PBXNativeTarget;
			buildConfigurationList = 16E9DB541A51172400DF9298 /* Build configuration list for PBXNativeTarget "Tap Me" */;
			buildPhases = (
				16E9DB2D1A51172100DF9298 /* Sources */,
				16E9DB2E1A51172100DF9298 /* Frameworks */,
				16E9DB2F1A51172100DF9298 /* Resources */,
			);
			buildRules = (
			);
			dependencies = (
			);
			name = "Tap Me";
			productName = "Tap Me";
			productReference = 16E9DB311A51172100DF9298 /* Tap Me.app */;
			productType = "com.apple.product-type.application";
		};
		16E9DB491A51172300DF9298 /* Tap MeTests */ = {
			isa = PBXNativeTarget;
			buildConfigurationList = 16E9DB571A51172400DF9298 /* Build configuration list for PBXNativeTarget "Tap MeTests" */;
			buildPhases = (
				16E9DB461A51172300DF9298 /* Sources */,
				16E9DB471A51172300DF9298 /* Frameworks */,
				16E9DB481A51172300DF9298 /* Resources */,
			);
			buildRules = (
			);
			dependencies = (
				16E9DB4C1A51172300DF9298 /* PBXTargetDependency */,
			);
			name = "Tap MeTests";
			productName = "Tap MeTests";
			productReference = 16E9DB4A1A51172300DF9298 /* Tap MeTests.xctest */;
			productType = "com.apple.product-type.bundle.unit-test";
		};
/* End PBXNativeTarget section */

/* Begin PBXProject section */
		16E9DB291A51172000DF9298 /* Project object */ = {
			isa = PBXProject;
			attributes = {
				LastUpgradeCheck = 0610;
				ORGANIZATIONNAME = "CU Boulder";
				TargetAttributes = {
					16E9DB301A51172100DF9298 = {
						CreatedOnToolsVersion = 6.1;
					};
					16E9DB491A51172300DF9298 = {
						CreatedOnToolsVersion = 6.1;
						TestTargetID = 16E9DB301A51172100DF9298;
					};
				};
			};
			buildConfigurationList = 16E9DB2C1A51172000DF9298 /* Build configuration list for PBXProject "Tap Me" */;
			compatibilityVersion = "Xcode 3.2";
			developmentRegion = English;
			hasScannedForEncodings = 0;
			knownRegions = (
				en,
				Base,
			);
			mainGroup = 16E9DB281A51172000DF9298;
			productRefGroup = 16E9DB321A51172100DF9298 /* Products */;
			projectDirPath = "";
			projectRoot = "";
			targets = (
				16E9DB301A51172100DF9298 /* Tap Me */,
				16E9DB491A51172300DF9298 /* Tap MeTests */,
			);
		};
/* End PBXProject section */

/* Begin PBXResourcesBuildPhase section */
		16E9DB2F1A51172100DF9298 /* Resources */ = {
			isa = PBXResourcesBuildPhase;
			buildActionMask = 2147483647;
			files = (
				163C5E711A513F52001172E8 /* bg_tile.png in Resources */,
				16E9DB401A51172300DF9298 /* Main.storyboard in Resources */,
				163C5E7F1A513F52001172E8 /* field_time@2x.png in Resources */,
				163C5E751A513F52001172E8 /* button_tap_selected.png in Resources */,
				16E9DB451A51172300DF9298 /* LaunchScreen.xib in Resources */,
				163C5E761A513F52001172E8 /* button_tap_selected@2x.png in Resources */,
				163C5E811A513F52001172E8 /* SecondBeep.wav in Resources */,
				163C5E731A513F52001172E8 /* button_tap_deselected.png in Resources */,
				163C5E7B1A513F52001172E8 /* checker_top@2x.png in Resources */,
				16E9DB421A51172300DF9298 /* Images.xcassets in Resources */,
				163C5E781A513F52001172E8 /* checker_bottom.png in Resources */,
				163C5E7A1A513F52001172E8 /* checker_top.png in Resources */,
				163C5E741A513F52001172E8 /* button_tap_deselected@2x.png in Resources */,
				163C5E7C1A513F52001172E8 /* field_score.png in Resources */,
				163C5E7E1A513F52001172E8 /* field_time.png in Resources */,
				163C5E771A513F52001172E8 /* ButtonTap.wav in Resources */,
				163C5E721A513F52001172E8 /* bg_tile@2x.png in Resources */,
				163C5E7D1A513F52001172E8 /* field_score@2x.png in Resources */,
				163C5E791A513F52001172E8 /* checker_bottom@2x.png in Resources */,
				163C5E801A513F52001172E8 /* HallOfTheMountainKing.mp3 in Resources */,
			);
			runOnlyForDeploymentPostprocessing = 0;
		};
		16E9DB481A51172300DF9298 /* Resources */ = {
			isa = PBXResourcesBuildPhase;
			buildActionMask = 2147483647;
			files = (
			);
			runOnlyForDeploymentPostprocessing = 0;
		};
/* End PBXResourcesBuildPhase section */

/* Begin PBXSourcesBuildPhase section */
		16E9DB2D1A51172100DF9298 /* Sources */ = {
			isa = PBXSourcesBuildPhase;
			buildActionMask = 2147483647;
			files = (
				16E9DB3D1A51172300DF9298 /* ViewController.m in Sources */,
				16E9DB3A1A51172300DF9298 /* AppDelegate.m in Sources */,
				16E9DB371A51172300DF9298 /* main.m in Sources */,
			);
			runOnlyForDeploymentPostprocessing = 0;
		};
		16E9DB461A51172300DF9298 /* Sources */ = {
			isa = PBXSourcesBuildPhase;
			buildActionMask = 2147483647;
			files = (
				16E9DB511A51172400DF9298 /* Tap_MeTests.m in Sources */,
			);
			runOnlyForDeploymentPostprocessing = 0;
		};
/* End PBXSourcesBuildPhase section */

/* Begin PBXTargetDependency section */
		16E9DB4C1A51172300DF9298 /* PBXTargetDependency */ = {
			isa = PBXTargetDependency;
			target = 16E9DB301A51172100DF9298 /* Tap Me */;
			targetProxy = 16E9DB4B1A51172300DF9298 /* PBXContainerItemProxy */;
		};
/* End PBXTargetDependency section */

/* Begin PBXVariantGroup section */
		16E9DB3E1A51172300DF9298 /* Main.storyboard */ = {
			isa = PBXVariantGroup;
			children = (
				16E9DB3F1A51172300DF9298 /* Base */,
			);
			name = Main.storyboard;
			sourceTree = "<group>";
		};
		16E9DB431A51172300DF9298 /* LaunchScreen.xib */ = {
			isa = PBXVariantGroup;
			children = (
				16E9DB441A51172300DF9298 /* Base */,
			);
			name = LaunchScreen.xib;
			sourceTree = "<group>";
		};
/* End PBXVariantGroup section */

/* Begin XCBuildConfiguration section */
		16E9DB521A51172400DF9298 /* Debug */ = {
			isa = XCBuildConfiguration;
			buildSettings = {
				ALWAYS_SEARCH_USER_PATHS = NO;
				CLANG_CXX_LANGUAGE_STANDARD = "gnu++0x";
				CLANG_CXX_LIBRARY = "libc++";
				CLANG_ENABLE_MODULES = YES;
				CLANG_ENABLE_OBJC_ARC = YES;
				CLANG_WARN_BOOL_CONVERSION = YES;
				CLANG_WARN_CONSTANT_CONVERSION = YES;
				CLANG_WARN_DIRECT_OBJC_ISA_USAGE = YES_ERROR;
				CLANG_WARN_EMPTY_BODY = YES;
				CLANG_WARN_ENUM_CONVERSION = YES;
				CLANG_WARN_INT_CONVERSION = YES;
				CLANG_WARN_OBJC_ROOT_CLASS = YES_ERROR;
				CLANG_WARN_UNREACHABLE_CODE = YES;
				CLANG_WARN__DUPLICATE_METHOD_MATCH = YES;
				"CODE_SIGN_IDENTITY[sdk=iphoneos*]" = "iPhone Developer";
				COPY_PHASE_STRIP = NO;
				ENABLE_STRICT_OBJC_MSGSEND = YES;
				GCC_C_LANGUAGE_STANDARD = gnu99;
				GCC_DYNAMIC_NO_PIC = NO;
				GCC_OPTIMIZATION_LEVEL = 0;
				GCC_PREPROCESSOR_DEFINITIONS = (
					"DEBUG=1",
					"$(inherited)",
				);
				GCC_SYMBOLS_PRIVATE_EXTERN = NO;
				GCC_WARN_64_TO_32_BIT_CONVERSION = YES;
				GCC_WARN_ABOUT_RETURN_TYPE = YES_ERROR;
				GCC_WARN_UNDECLARED_SELECTOR = YES;
				GCC_WARN_UNINITIALIZED_AUTOS = YES_AGGRESSIVE;
				GCC_WARN_UNUSED_FUNCTION = YES;
				GCC_WARN_UNUSED_VARIABLE = YES;
				IPHONEOS_DEPLOYMENT_TARGET = 8.1;
				MTL_ENABLE_DEBUG_INFO = YES;
				ONLY_ACTIVE_ARCH = YES;
				SDKROOT = iphoneos;
			};
			name = Debug;
		};
		16E9DB531A51172400DF9298 /* Release */ = {
			isa = XCBuildConfiguration;
			buildSettings = {
				ALWAYS_SEARCH_USER_PATHS = NO;
				CLANG_CXX_LANGUAGE_STANDARD = "gnu++0x";
				CLANG_CXX_LIBRARY = "libc++";
				CLANG_ENABLE_MODULES = YES;
				CLANG_ENABLE_OBJC_ARC = YES;
				CLANG_WARN_BOOL_CONVERSION = YES;
				CLANG_WARN_CONSTANT_CONVERSION = YES;
				CLANG_WARN_DIRECT_OBJC_ISA_USAGE = YES_ERROR;
				CLANG_WARN_EMPTY_BODY = YES;
				CLANG_WARN_ENUM_CONVERSION = YES;
				CLANG_WARN_INT_CONVERSION = YES;
				CLANG_WARN_OBJC_ROOT_CLASS = YES_ERROR;
				CLANG_WARN_UNREACHABLE_CODE = YES;
				CLANG_WARN__DUPLICATE_METHOD_MATCH = YES;
				"CODE_SIGN_IDENTITY[sdk=iphoneos*]" = "iPhone Developer";
				COPY_PHASE_STRIP = YES;
				ENABLE_NS_ASSERTIONS = NO;
				ENABLE_STRICT_OBJC_MSGSEND = YES;
				GCC_C_LANGUAGE_STANDARD = gnu99;
				GCC_WARN_64_TO_32_BIT_CONVERSION = YES;
				GCC_WARN_ABOUT_RETURN_TYPE = YES_ERROR;
				GCC_WARN_UNDECLARED_SELECTOR = YES;
				GCC_WARN_UNINITIALIZED_AUTOS = YES_AGGRESSIVE;
				GCC_WARN_UNUSED_FUNCTION = YES;
				GCC_WARN_UNUSED_VARIABLE = YES;
				IPHONEOS_DEPLOYMENT_TARGET = 8.1;
				MTL_ENABLE_DEBUG_INFO = NO;
				SDKROOT = iphoneos;
				VALIDATE_PRODUCT = YES;
			};
			name = Release;
		};
		16E9DB551A51172400DF9298 /* Debug */ = {
			isa = XCBuildConfiguration;
			buildSettings = {
				ASSETCATALOG_COMPILER_APPICON_NAME = AppIcon;
				INFOPLIST_FILE = "Tap Me/Info.plist";
				LD_RUNPATH_SEARCH_PATHS = "$(inherited) @executable_path/Frameworks";
				PRODUCT_NAME = "$(TARGET_NAME)";
			};
			name = Debug;
		};
		16E9DB561A51172400DF9298 /* Release */ = {
			isa = XCBuildConfiguration;
			buildSettings = {
				ASSETCATALOG_COMPILER_APPICON_NAME = AppIcon;
				INFOPLIST_FILE = "Tap Me/Info.plist";
				LD_RUNPATH_SEARCH_PATHS = "$(inherited) @executable_path/Frameworks";
				PRODUCT_NAME = "$(TARGET_NAME)";
			};
			name = Release;
		};
		16E9DB581A51172400DF9298 /* Debug */ = {
			isa = XCBuildConfiguration;
			buildSettings = {
				BUNDLE_LOADER = "$(TEST_HOST)";
				FRAMEWORK_SEARCH_PATHS = (
					"$(SDKROOT)/Developer/Library/Frameworks",
					"$(inherited)",
				);
				GCC_PREPROCESSOR_DEFINITIONS = (
					"DEBUG=1",
					"$(inherited)",
				);
				INFOPLIST_FILE = "Tap MeTests/Info.plist";
				LD_RUNPATH_SEARCH_PATHS = "$(inherited) @executable_path/Frameworks @loader_path/Frameworks";
				PRODUCT_NAME = "$(TARGET_NAME)";
				TEST_HOST = "$(BUILT_PRODUCTS_DIR)/Tap Me.app/Tap Me";
			};
			name = Debug;
		};
		16E9DB591A51172400DF9298 /* Release */ = {
			isa = XCBuildConfiguration;
			buildSettings = {
				BUNDLE_LOADER = "$(TEST_HOST)";
				FRAMEWORK_SEARCH_PATHS = (
					"$(SDKROOT)/Developer/Library/Frameworks",
					"$(inherited)",
				);
				INFOPLIST_FILE = "Tap MeTests/Info.plist";
				LD_RUNPATH_SEARCH_PATHS = "$(inherited) @executable_path/Frameworks @loader_path/Frameworks";
				PRODUCT_NAME = "$(TARGET_NAME)";
				TEST_HOST = "$(BUILT_PRODUCTS_DIR)/Tap Me.app/Tap Me";
			};
			name = Release;
		};
/* End XCBuildConfiguration section */

/* Begin XCConfigurationList section */
		16E9DB2C1A51172000DF9298 /* Build configuration list for PBXProject "Tap Me" */ = {
			isa = XCConfigurationList;
			buildConfigurations = (
				16E9DB521A51172400DF9298 /* Debug */,
				16E9DB531A51172400DF9298 /* Release */,
			);
			defaultConfigurationIsVisible = 0;
			defaultConfigurationName = Release;
		};
		16E9DB541A51172400DF9298 /* Build configuration list for PBXNativeTarget "Tap Me" */ = {
			isa = XCConfigurationList;
			buildConfigurations = (
				16E9DB551A51172400DF9298 /* Debug */,
				16E9DB561A51172400DF9298 /* Release */,
			);
			defaultConfigurationIsVisible = 0;
			defaultConfigurationName = Release;
		};
		16E9DB571A51172400DF9298 /* Build configuration list for PBXNativeTarget "Tap MeTests" */ = {
			isa = XCConfigurationList;
			buildConfigurations = (
				16E9DB581A51172400DF9298 /* Debug */,
				16E9DB591A51172400DF9298 /* Release */,
			);
			defaultConfigurationIsVisible = 0;
			defaultConfigurationName = Release;
		};
/* End XCConfigurationList section */
	};
	rootObject = 16E9DB291A51172000DF9298 /* Project object */;
}
